{
    "name": "@nmshd/content",
    "version": "2.10.2",
    "lockfileVersion": 2,
    "requires": true,
    "packages": {
        "": {
            "name": "@nmshd/content",
            "version": "2.10.2",
            "license": "MIT",
            "dependencies": {
                "@js-soft/logging-abstractions": "^1.0.1",
                "@nmshd/iql": "^1.0.2",
                "ts-simple-nameof": "^1.3.1"
            },
            "devDependencies": {
                "@js-soft/ts-serval": "2.0.10",
                "@nmshd/crypto": "2.0.6",
                "@types/luxon": "^3.4.2"
            }
        },
        "node_modules/@js-soft/logging-abstractions": {
            "version": "1.0.1",
            "resolved": "https://registry.npmjs.org/@js-soft/logging-abstractions/-/logging-abstractions-1.0.1.tgz",
            "integrity": "sha512-giFnUcpfq07vNmMFetvI1bfKo8g5slIiQbSnwLF1dHU8gLE/hJmL3jTnchXFRTwSeMhTFCNg0GudsNMw1esMVQ=="
        },
        "node_modules/@js-soft/ts-serval": {
            "version": "2.0.10",
            "resolved": "https://registry.npmjs.org/@js-soft/ts-serval/-/ts-serval-2.0.10.tgz",
            "integrity": "sha512-TMeVmDaHs1zk5JPXR6LBY1EXwukHCB7MgBgMbxf/bbauDNMw54t9nH+gE7xXFxBTovL4RWIw5NSIHk7n3T+wYg==",
            "dev": true,
            "dependencies": {
                "lodash": "^4.17.21",
                "reflect-metadata": "^0.1.13"
            }
        },
        "node_modules/@nmshd/crypto": {
            "version": "2.0.6",
            "resolved": "https://registry.npmjs.org/@nmshd/crypto/-/crypto-2.0.6.tgz",
            "integrity": "sha512-6A0vZcpd6a28vWkF3Ph7fiVgGHw1GB88cYUcaaqeMNTebRpb+jIkT+7KiU/qI74/qrWz0pf4fiNTrXWXz1NnXg==",
            "dev": true,
            "dependencies": {
                "libsodium-wrappers-sumo": "0.7.13",
                "uuid": "9.0.1"
            }
        },
        "node_modules/@nmshd/iql": {
            "version": "1.0.2",
            "resolved": "https://registry.npmjs.org/@nmshd/iql/-/iql-1.0.2.tgz",
            "integrity": "sha512-fRUIDoZeAKDJ99/yjbjlKryMv1poNaiRDTC8eNltZJSPSkQgchlt0yrWHBDl+CZEPF2Ae0hDj7vpo2n0c6R6JA=="
        },
        "node_modules/@types/luxon": {
            "version": "3.4.2",
            "resolved": "https://registry.npmjs.org/@types/luxon/-/luxon-3.4.2.tgz",
            "integrity": "sha512-TifLZlFudklWlMBfhubvgqTXRzLDI5pCbGa4P8a3wPyUQSW+1xQ5eDsreP9DWHX3tjq1ke96uYG/nwundroWcA==",
            "dev": true
        },
        "node_modules/libsodium-sumo": {
            "version": "0.7.13",
            "resolved": "https://registry.npmjs.org/libsodium-sumo/-/libsodium-sumo-0.7.13.tgz",
            "integrity": "sha512-zTGdLu4b9zSNLfovImpBCbdAA4xkpkZbMnSQjP8HShyOutnGjRHmSOKlsylh1okao6QhLiz7nG98EGn+04cZjQ==",
            "dev": true
        },
        "node_modules/libsodium-wrappers-sumo": {
            "version": "0.7.13",
            "resolved": "https://registry.npmjs.org/libsodium-wrappers-sumo/-/libsodium-wrappers-sumo-0.7.13.tgz",
            "integrity": "sha512-lz4YdplzDRh6AhnLGF2Dj2IUj94xRN6Bh8T0HLNwzYGwPehQJX6c7iYVrFUPZ3QqxE0bqC+K0IIqqZJYWumwSQ==",
            "dev": true,
            "dependencies": {
                "libsodium-sumo": "^0.7.13"
            }
        },
        "node_modules/lodash": {
            "version": "4.17.21",
            "resolved": "https://registry.npmjs.org/lodash/-/lodash-4.17.21.tgz",
            "integrity": "sha512-v2kDEe57lecTulaDIuNTPy3Ry4gLGJ6Z1O3vE1krgXZNrsQ+LFTGHVxVjcXPs17LhbZVGedAJv8XZ1tvj5FvSg==",
            "dev": true
        },
        "node_modules/reflect-metadata": {
            "version": "0.1.14",
            "resolved": "https://registry.npmjs.org/reflect-metadata/-/reflect-metadata-0.1.14.tgz",
            "integrity": "sha512-ZhYeb6nRaXCfhnndflDK8qI6ZQ/YcWZCISRAWICW9XYqMUwjZM9Z0DveWX/ABN01oxSHwVxKQmxeYZSsm0jh5A==",
            "dev": true
        },
        "node_modules/ts-simple-nameof": {
            "version": "1.3.1",
            "resolved": "https://registry.npmjs.org/ts-simple-nameof/-/ts-simple-nameof-1.3.1.tgz",
            "integrity": "sha512-E0xwaLwDmKmSmo4DE4i+Rp0CuixeZ6wJcn4+2OugzSoPxWW27aNRHhfhcfAELavHHS077dt998oXIMFq+MqeBw=="
        },
        "node_modules/uuid": {
            "version": "9.0.1",
            "resolved": "https://registry.npmjs.org/uuid/-/uuid-9.0.1.tgz",
            "integrity": "sha512-b+1eJOlsR9K8HJpow9Ok3fiWOWSIcIzXodvv0rQjVoOVNpWMpxf1wZNpt4y9h10odCNrqnYp1OBzRktckBe3sA==",
            "dev": true,
            "funding": [
                "https://github.com/sponsors/broofa",
                "https://github.com/sponsors/ctavan"
            ],
            "bin": {
                "uuid": "dist/bin/uuid"
            }
        }
    },
    "dependencies": {
        "@js-soft/logging-abstractions": {
            "version": "1.0.1",
            "resolved": "https://registry.npmjs.org/@js-soft/logging-abstractions/-/logging-abstractions-1.0.1.tgz",
            "integrity": "sha512-giFnUcpfq07vNmMFetvI1bfKo8g5slIiQbSnwLF1dHU8gLE/hJmL3jTnchXFRTwSeMhTFCNg0GudsNMw1esMVQ=="
        },
        "@js-soft/ts-serval": {
            "version": "2.0.10",
            "resolved": "https://registry.npmjs.org/@js-soft/ts-serval/-/ts-serval-2.0.10.tgz",
            "integrity": "sha512-TMeVmDaHs1zk5JPXR6LBY1EXwukHCB7MgBgMbxf/bbauDNMw54t9nH+gE7xXFxBTovL4RWIw5NSIHk7n3T+wYg==",
            "dev": true,
            "requires": {
                "lodash": "^4.17.21",
                "reflect-metadata": "^0.1.13"
            }
        },
        "@nmshd/crypto": {
            "version": "2.0.6",
            "resolved": "https://registry.npmjs.org/@nmshd/crypto/-/crypto-2.0.6.tgz",
            "integrity": "sha512-6A0vZcpd6a28vWkF3Ph7fiVgGHw1GB88cYUcaaqeMNTebRpb+jIkT+7KiU/qI74/qrWz0pf4fiNTrXWXz1NnXg==",
            "dev": true,
            "requires": {
                "libsodium-wrappers-sumo": "0.7.13",
                "uuid": "9.0.1"
            }
        },
        "@nmshd/iql": {
            "version": "1.0.2",
            "resolved": "https://registry.npmjs.org/@nmshd/iql/-/iql-1.0.2.tgz",
            "integrity": "sha512-fRUIDoZeAKDJ99/yjbjlKryMv1poNaiRDTC8eNltZJSPSkQgchlt0yrWHBDl+CZEPF2Ae0hDj7vpo2n0c6R6JA=="
        },
        "@types/luxon": {
            "version": "3.4.2",
            "resolved": "https://registry.npmjs.org/@types/luxon/-/luxon-3.4.2.tgz",
            "integrity": "sha512-TifLZlFudklWlMBfhubvgqTXRzLDI5pCbGa4P8a3wPyUQSW+1xQ5eDsreP9DWHX3tjq1ke96uYG/nwundroWcA==",
            "dev": true
        },
        "libsodium-sumo": {
            "version": "0.7.13",
            "resolved": "https://registry.npmjs.org/libsodium-sumo/-/libsodium-sumo-0.7.13.tgz",
            "integrity": "sha512-zTGdLu4b9zSNLfovImpBCbdAA4xkpkZbMnSQjP8HShyOutnGjRHmSOKlsylh1okao6QhLiz7nG98EGn+04cZjQ==",
            "dev": true
        },
        "libsodium-wrappers-sumo": {
            "version": "0.7.13",
            "resolved": "https://registry.npmjs.org/libsodium-wrappers-sumo/-/libsodium-wrappers-sumo-0.7.13.tgz",
            "integrity": "sha512-lz4YdplzDRh6AhnLGF2Dj2IUj94xRN6Bh8T0HLNwzYGwPehQJX6c7iYVrFUPZ3QqxE0bqC+K0IIqqZJYWumwSQ==",
            "dev": true,
            "requires": {
                "libsodium-sumo": "^0.7.13"
            }
        },
        "lodash": {
            "version": "4.17.21",
            "resolved": "https://registry.npmjs.org/lodash/-/lodash-4.17.21.tgz",
            "integrity": "sha512-v2kDEe57lecTulaDIuNTPy3Ry4gLGJ6Z1O3vE1krgXZNrsQ+LFTGHVxVjcXPs17LhbZVGedAJv8XZ1tvj5FvSg==",
            "dev": true
        },
        "reflect-metadata": {
            "version": "0.1.14",
            "resolved": "https://registry.npmjs.org/reflect-metadata/-/reflect-metadata-0.1.14.tgz",
            "integrity": "sha512-ZhYeb6nRaXCfhnndflDK8qI6ZQ/YcWZCISRAWICW9XYqMUwjZM9Z0DveWX/ABN01oxSHwVxKQmxeYZSsm0jh5A==",
            "dev": true
        },
        "ts-simple-nameof": {
            "version": "1.3.1",
            "resolved": "https://registry.npmjs.org/ts-simple-nameof/-/ts-simple-nameof-1.3.1.tgz",
            "integrity": "sha512-E0xwaLwDmKmSmo4DE4i+Rp0CuixeZ6wJcn4+2OugzSoPxWW27aNRHhfhcfAELavHHS077dt998oXIMFq+MqeBw=="
        },
        "uuid": {
            "version": "9.0.1",
            "resolved": "https://registry.npmjs.org/uuid/-/uuid-9.0.1.tgz",
            "integrity": "sha512-b+1eJOlsR9K8HJpow9Ok3fiWOWSIcIzXodvv0rQjVoOVNpWMpxf1wZNpt4y9h10odCNrqnYp1OBzRktckBe3sA==",
            "dev": true
        }
    }
}
